
Microsoft Visual Studio Solution File, Format Version 12.00
# Visual Studio 15
VisualStudioVersion = 15.0.27004.2002
MinimumVisualStudioVersion = 10.0.40219.1
Project("{888888A0-9F3D-457C-B088-3A5042F75D52}") = "taobao", "taobao\taobao.pyproj", "{A815873C-E65F-4856-99A6-D13221435600}"
EndProject
Global
	GlobalSection(SolutionConfigurationPlatforms) = preSolution
		Debug|Any CPU = Debug|Any CPU
		Release|Any CPU = Release|Any CPU
	EndGlobalSection
	GlobalSection(ProjectConfigurationPlatforms) = postSolution
		{A815873C-E65F-4856-99A6-D13221435600}.Debug|Any CPU.ActiveCfg = Debug|Any CPU
		{A815873C-E65F-4856-99A6-D13221435600}.Release|Any CPU.ActiveCfg = Release|Any CPU
	EndGlobalSection
	GlobalSection(SolutionProperties) = preSolution
		HideSolutionNode = FALSE
	EndGlobalSection
	GlobalSection(ExtensibilityGlobals) = postSolution
		SolutionGuid = {108BAFBA-B01E-4469-9A96-05B4485AAF6E}
	EndGlobalSection
EndGlobal
